// !$*UTF8*$!
{
	archiveVersion = 1;
	classes = {
	};
	objectVersion = 46;
	objects = {

/* Begin PBXBuildFile section */
		65CC9F781A82201800D85889 /* AGTCoreDataTableViewController.m in Sources */ = {isa = PBXBuildFile; fileRef = 65CC9F771A82201800D85889 /* AGTCoreDataTableViewController.m */; };
		65CC9F7D1A82208E00D85889 /* DLMKNotebooksViewController.m in Sources */ = {isa = PBXBuildFile; fileRef = 65CC9F7B1A82208E00D85889 /* DLMKNotebooksViewController.m */; };
		65CC9F821A823E1F00D85889 /* UIViewController+Navigation.m in Sources */ = {isa = PBXBuildFile; fileRef = 65CC9F811A823E1F00D85889 /* UIViewController+Navigation.m */; };
		65CC9F851A82437F00D85889 /* DLMKNotesViewController.m in Sources */ = {isa = PBXBuildFile; fileRef = 65CC9F841A82437F00D85889 /* DLMKNotesViewController.m */; };
		65CC9F891A82B29C00D85889 /* DLMKNoteTableViewCellController.m in Sources */ = {isa = PBXBuildFile; fileRef = 65CC9F871A82B29C00D85889 /* DLMKNoteTableViewCellController.m */; };
		65CC9F8A1A82B29C00D85889 /* DLMKNoteTableViewCellController.xib in Resources */ = {isa = PBXBuildFile; fileRef = 65CC9F881A82B29C00D85889 /* DLMKNoteTableViewCellController.xib */; };
		65FA2ACE1A7F917900E87793 /* main.m in Sources */ = {isa = PBXBuildFile; fileRef = 65FA2ACD1A7F917900E87793 /* main.m */; };
		65FA2AD11A7F917900E87793 /* AppDelegate.m in Sources */ = {isa = PBXBuildFile; fileRef = 65FA2AD01A7F917900E87793 /* AppDelegate.m */; };
		65FA2AD31A7F917900E87793 /* Images.xcassets in Resources */ = {isa = PBXBuildFile; fileRef = 65FA2AD21A7F917900E87793 /* Images.xcassets */; };
		65FA2AD61A7F917900E87793 /* LaunchScreen.xib in Resources */ = {isa = PBXBuildFile; fileRef = 65FA2AD41A7F917900E87793 /* LaunchScreen.xib */; };
		65FA2AE21A7F917900E87793 /* EverPoorTests.m in Sources */ = {isa = PBXBuildFile; fileRef = 65FA2AE11A7F917900E87793 /* EverPoorTests.m */; };
		65FA2AEE1A7F958000E87793 /* Model.xcdatamodeld in Sources */ = {isa = PBXBuildFile; fileRef = 65FA2AEC1A7F958000E87793 /* Model.xcdatamodeld */; };
		65FA2AFB1A7FAB2D00E87793 /* _DLMKNote.m in Sources */ = {isa = PBXBuildFile; fileRef = 65FA2AF01A7FAB2D00E87793 /* _DLMKNote.m */; };
		65FA2AFC1A7FAB2D00E87793 /* _DLMKNotebook.m in Sources */ = {isa = PBXBuildFile; fileRef = 65FA2AF21A7FAB2D00E87793 /* _DLMKNotebook.m */; };
		65FA2AFD1A7FAB2D00E87793 /* _DLMKPhotoContainer.m in Sources */ = {isa = PBXBuildFile; fileRef = 65FA2AF41A7FAB2D00E87793 /* _DLMKPhotoContainer.m */; };
		65FA2AFE1A7FAB2D00E87793 /* DLMKNote.m in Sources */ = {isa = PBXBuildFile; fileRef = 65FA2AF61A7FAB2D00E87793 /* DLMKNote.m */; };
		65FA2AFF1A7FAB2D00E87793 /* DLMKNotebook.m in Sources */ = {isa = PBXBuildFile; fileRef = 65FA2AF81A7FAB2D00E87793 /* DLMKNotebook.m */; };
		65FA2B001A7FAB2D00E87793 /* DLMKPhotoContainer.m in Sources */ = {isa = PBXBuildFile; fileRef = 65FA2AFA1A7FAB2D00E87793 /* DLMKPhotoContainer.m */; };
		65FA2B0A1A80CF4100E87793 /* DLMKEverPoorBaseManagedObject.m in Sources */ = {isa = PBXBuildFile; fileRef = 65FA2B091A80CF4100E87793 /* DLMKEverPoorBaseManagedObject.m */; };
		65FA2B0D1A80D70A00E87793 /* AGTCoreDataStack.m in Sources */ = {isa = PBXBuildFile; fileRef = 65FA2B0C1A80D70A00E87793 /* AGTCoreDataStack.m */; };
/* End PBXBuildFile section */

/* Begin PBXContainerItemProxy section */
		65FA2ADC1A7F917900E87793 /* PBXContainerItemProxy */ = {
			isa = PBXContainerItemProxy;
			containerPortal = 65FA2AC01A7F917900E87793 /* Project object */;
			proxyType = 1;
			remoteGlobalIDString = 65FA2AC71A7F917900E87793;
			remoteInfo = EverPoor;
		};
/* End PBXContainerItemProxy section */

/* Begin PBXFileReference section */
		65CC9F761A82201800D85889 /* AGTCoreDataTableViewController.h */ = {isa = PBXFileReference; fileEncoding = 4; lastKnownFileType = sourcecode.c.h; path = AGTCoreDataTableViewController.h; sourceTree = "<group>"; };
		65CC9F771A82201800D85889 /* AGTCoreDataTableViewController.m */ = {isa = PBXFileReference; fileEncoding = 4; lastKnownFileType = sourcecode.c.objc; path = AGTCoreDataTableViewController.m; sourceTree = "<group>"; };
		65CC9F7A1A82208E00D85889 /* DLMKNotebooksViewController.h */ = {isa = PBXFileReference; fileEncoding = 4; lastKnownFileType = sourcecode.c.h; path = DLMKNotebooksViewController.h; sourceTree = "<group>"; };
		65CC9F7B1A82208E00D85889 /* DLMKNotebooksViewController.m */ = {isa = PBXFileReference; fileEncoding = 4; lastKnownFileType = sourcecode.c.objc; path = DLMKNotebooksViewController.m; sourceTree = "<group>"; };
		65CC9F801A823E1F00D85889 /* UIViewController+Navigation.h */ = {isa = PBXFileReference; fileEncoding = 4; lastKnownFileType = sourcecode.c.h; path = "UIViewController+Navigation.h"; sourceTree = "<group>"; };
		65CC9F811A823E1F00D85889 /* UIViewController+Navigation.m */ = {isa = PBXFileReference; fileEncoding = 4; lastKnownFileType = sourcecode.c.objc; path = "UIViewController+Navigation.m"; sourceTree = "<group>"; };
		65CC9F831A82437F00D85889 /* DLMKNotesViewController.h */ = {isa = PBXFileReference; fileEncoding = 4; lastKnownFileType = sourcecode.c.h; path = DLMKNotesViewController.h; sourceTree = "<group>"; };
		65CC9F841A82437F00D85889 /* DLMKNotesViewController.m */ = {isa = PBXFileReference; fileEncoding = 4; lastKnownFileType = sourcecode.c.objc; path = DLMKNotesViewController.m; sourceTree = "<group>"; };
		65CC9F861A82B29C00D85889 /* DLMKNoteTableViewCellController.h */ = {isa = PBXFileReference; fileEncoding = 4; lastKnownFileType = sourcecode.c.h; path = DLMKNoteTableViewCellController.h; sourceTree = "<group>"; };
		65CC9F871A82B29C00D85889 /* DLMKNoteTableViewCellController.m */ = {isa = PBXFileReference; fileEncoding = 4; lastKnownFileType = sourcecode.c.objc; path = DLMKNoteTableViewCellController.m; sourceTree = "<group>"; };
		65CC9F881A82B29C00D85889 /* DLMKNoteTableViewCellController.xib */ = {isa = PBXFileReference; fileEncoding = 4; lastKnownFileType = file.xib; path = DLMKNoteTableViewCellController.xib; sourceTree = "<group>"; };
		65FA2AC81A7F917900E87793 /* EverPoor.app */ = {isa = PBXFileReference; explicitFileType = wrapper.application; includeInIndex = 0; path = EverPoor.app; sourceTree = BUILT_PRODUCTS_DIR; };
		65FA2ACC1A7F917900E87793 /* Info.plist */ = {isa = PBXFileReference; lastKnownFileType = text.plist.xml; path = Info.plist; sourceTree = "<group>"; };
		65FA2ACD1A7F917900E87793 /* main.m */ = {isa = PBXFileReference; lastKnownFileType = sourcecode.c.objc; path = main.m; sourceTree = "<group>"; };
		65FA2ACF1A7F917900E87793 /* AppDelegate.h */ = {isa = PBXFileReference; lastKnownFileType = sourcecode.c.h; path = AppDelegate.h; sourceTree = "<group>"; };
		65FA2AD01A7F917900E87793 /* AppDelegate.m */ = {isa = PBXFileReference; lastKnownFileType = sourcecode.c.objc; path = AppDelegate.m; sourceTree = "<group>"; };
		65FA2AD21A7F917900E87793 /* Images.xcassets */ = {isa = PBXFileReference; lastKnownFileType = folder.assetcatalog; path = Images.xcassets; sourceTree = "<group>"; };
		65FA2AD51A7F917900E87793 /* Base */ = {isa = PBXFileReference; lastKnownFileType = file.xib; name = Base; path = Base.lproj/LaunchScreen.xib; sourceTree = "<group>"; };
		65FA2ADB1A7F917900E87793 /* EverPoorTests.xctest */ = {isa = PBXFileReference; explicitFileType = wrapper.cfbundle; includeInIndex = 0; path = EverPoorTests.xctest; sourceTree = BUILT_PRODUCTS_DIR; };
		65FA2AE01A7F917900E87793 /* Info.plist */ = {isa = PBXFileReference; lastKnownFileType = text.plist.xml; path = Info.plist; sourceTree = "<group>"; };
		65FA2AE11A7F917900E87793 /* EverPoorTests.m */ = {isa = PBXFileReference; lastKnownFileType = sourcecode.c.objc; path = EverPoorTests.m; sourceTree = "<group>"; };
		65FA2AED1A7F958000E87793 /* Model.xcdatamodel */ = {isa = PBXFileReference; lastKnownFileType = wrapper.xcdatamodel; path = Model.xcdatamodel; sourceTree = "<group>"; };
		65FA2AEF1A7FAB2D00E87793 /* _DLMKNote.h */ = {isa = PBXFileReference; fileEncoding = 4; lastKnownFileType = sourcecode.c.h; path = _DLMKNote.h; sourceTree = "<group>"; };
		65FA2AF01A7FAB2D00E87793 /* _DLMKNote.m */ = {isa = PBXFileReference; fileEncoding = 4; lastKnownFileType = sourcecode.c.objc; path = _DLMKNote.m; sourceTree = "<group>"; };
		65FA2AF11A7FAB2D00E87793 /* _DLMKNotebook.h */ = {isa = PBXFileReference; fileEncoding = 4; lastKnownFileType = sourcecode.c.h; path = _DLMKNotebook.h; sourceTree = "<group>"; };
		65FA2AF21A7FAB2D00E87793 /* _DLMKNotebook.m */ = {isa = PBXFileReference; fileEncoding = 4; lastKnownFileType = sourcecode.c.objc; path = _DLMKNotebook.m; sourceTree = "<group>"; };
		65FA2AF31A7FAB2D00E87793 /* _DLMKPhotoContainer.h */ = {isa = PBXFileReference; fileEncoding = 4; lastKnownFileType = sourcecode.c.h; path = _DLMKPhotoContainer.h; sourceTree = "<group>"; };
		65FA2AF41A7FAB2D00E87793 /* _DLMKPhotoContainer.m */ = {isa = PBXFileReference; fileEncoding = 4; lastKnownFileType = sourcecode.c.objc; path = _DLMKPhotoContainer.m; sourceTree = "<group>"; };
		65FA2AF51A7FAB2D00E87793 /* DLMKNote.h */ = {isa = PBXFileReference; fileEncoding = 4; lastKnownFileType = sourcecode.c.h; path = DLMKNote.h; sourceTree = "<group>"; };
		65FA2AF61A7FAB2D00E87793 /* DLMKNote.m */ = {isa = PBXFileReference; fileEncoding = 4; lastKnownFileType = sourcecode.c.objc; path = DLMKNote.m; sourceTree = "<group>"; };
		65FA2AF71A7FAB2D00E87793 /* DLMKNotebook.h */ = {isa = PBXFileReference; fileEncoding = 4; lastKnownFileType = sourcecode.c.h; path = DLMKNotebook.h; sourceTree = "<group>"; };
		65FA2AF81A7FAB2D00E87793 /* DLMKNotebook.m */ = {isa = PBXFileReference; fileEncoding = 4; lastKnownFileType = sourcecode.c.objc; path = DLMKNotebook.m; sourceTree = "<group>"; };
		65FA2AF91A7FAB2D00E87793 /* DLMKPhotoContainer.h */ = {isa = PBXFileReference; fileEncoding = 4; lastKnownFileType = sourcecode.c.h; path = DLMKPhotoContainer.h; sourceTree = "<group>"; };
		65FA2AFA1A7FAB2D00E87793 /* DLMKPhotoContainer.m */ = {isa = PBXFileReference; fileEncoding = 4; lastKnownFileType = sourcecode.c.objc; path = DLMKPhotoContainer.m; sourceTree = "<group>"; };
		65FA2B081A80CF4100E87793 /* DLMKEverPoorBaseManagedObject.h */ = {isa = PBXFileReference; fileEncoding = 4; lastKnownFileType = sourcecode.c.h; path = DLMKEverPoorBaseManagedObject.h; sourceTree = "<group>"; };
		65FA2B091A80CF4100E87793 /* DLMKEverPoorBaseManagedObject.m */ = {isa = PBXFileReference; fileEncoding = 4; lastKnownFileType = sourcecode.c.objc; path = DLMKEverPoorBaseManagedObject.m; sourceTree = "<group>"; };
		65FA2B0B1A80D70A00E87793 /* AGTCoreDataStack.h */ = {isa = PBXFileReference; fileEncoding = 4; lastKnownFileType = sourcecode.c.h; path = AGTCoreDataStack.h; sourceTree = "<group>"; };
		65FA2B0C1A80D70A00E87793 /* AGTCoreDataStack.m */ = {isa = PBXFileReference; fileEncoding = 4; lastKnownFileType = sourcecode.c.objc; path = AGTCoreDataStack.m; sourceTree = "<group>"; };
/* End PBXFileReference section */

/* Begin PBXFrameworksBuildPhase section */
		65FA2AC51A7F917900E87793 /* Frameworks */ = {
			isa = PBXFrameworksBuildPhase;
			buildActionMask = 2147483647;
			files = (
			);
			runOnlyForDeploymentPostprocessing = 0;
		};
		65FA2AD81A7F917900E87793 /* Frameworks */ = {
			isa = PBXFrameworksBuildPhase;
			buildActionMask = 2147483647;
			files = (
			);
			runOnlyForDeploymentPostprocessing = 0;
		};
/* End PBXFrameworksBuildPhase section */

/* Begin PBXGroup section */
		65CC9F791A82203B00D85889 /* Controllers */ = {
			isa = PBXGroup;
			children = (
				65CC9F761A82201800D85889 /* AGTCoreDataTableViewController.h */,
				65CC9F771A82201800D85889 /* AGTCoreDataTableViewController.m */,
				65CC9F7A1A82208E00D85889 /* DLMKNotebooksViewController.h */,
				65CC9F7B1A82208E00D85889 /* DLMKNotebooksViewController.m */,
				65CC9F831A82437F00D85889 /* DLMKNotesViewController.h */,
				65CC9F841A82437F00D85889 /* DLMKNotesViewController.m */,
				65CC9F861A82B29C00D85889 /* DLMKNoteTableViewCellController.h */,
				65CC9F871A82B29C00D85889 /* DLMKNoteTableViewCellController.m */,
				65CC9F881A82B29C00D85889 /* DLMKNoteTableViewCellController.xib */,
			);
			name = Controllers;
			sourceTree = "<group>";
		};
		65CC9F7F1A823DD600D85889 /* Categories */ = {
			isa = PBXGroup;
			children = (
				65CC9F801A823E1F00D85889 /* UIViewController+Navigation.h */,
				65CC9F811A823E1F00D85889 /* UIViewController+Navigation.m */,
			);
			name = Categories;
			sourceTree = "<group>";
		};
		65FA2ABF1A7F917900E87793 = {
			isa = PBXGroup;
			children = (
				65FA2ACA1A7F917900E87793 /* EverPoor */,
				65FA2ADE1A7F917900E87793 /* EverPoorTests */,
				65FA2AC91A7F917900E87793 /* Products */,
			);
			sourceTree = "<group>";
		};
		65FA2AC91A7F917900E87793 /* Products */ = {
			isa = PBXGroup;
			children = (
				65FA2AC81A7F917900E87793 /* EverPoor.app */,
				65FA2ADB1A7F917900E87793 /* EverPoorTests.xctest */,
			);
			name = Products;
			sourceTree = "<group>";
		};
		65FA2ACA1A7F917900E87793 /* EverPoor */ = {
			isa = PBXGroup;
			children = (
				65CC9F7F1A823DD600D85889 /* Categories */,
				65FA2AEB1A7F950E00E87793 /* Models */,
				65CC9F791A82203B00D85889 /* Controllers */,
				65FA2ACF1A7F917900E87793 /* AppDelegate.h */,
				65FA2AD01A7F917900E87793 /* AppDelegate.m */,
				65FA2AD21A7F917900E87793 /* Images.xcassets */,
				65FA2AD41A7F917900E87793 /* LaunchScreen.xib */,
				65FA2ACB1A7F917900E87793 /* Supporting Files */,
			);
			path = EverPoor;
			sourceTree = "<group>";
		};
		65FA2ACB1A7F917900E87793 /* Supporting Files */ = {
			isa = PBXGroup;
			children = (
				65FA2ACC1A7F917900E87793 /* Info.plist */,
				65FA2ACD1A7F917900E87793 /* main.m */,
			);
			name = "Supporting Files";
			sourceTree = "<group>";
		};
		65FA2ADE1A7F917900E87793 /* EverPoorTests */ = {
			isa = PBXGroup;
			children = (
				65FA2AE11A7F917900E87793 /* EverPoorTests.m */,
				65FA2ADF1A7F917900E87793 /* Supporting Files */,
			);
			path = EverPoorTests;
			sourceTree = "<group>";
		};
		65FA2ADF1A7F917900E87793 /* Supporting Files */ = {
			isa = PBXGroup;
			children = (
				65FA2AE01A7F917900E87793 /* Info.plist */,
			);
			name = "Supporting Files";
			sourceTree = "<group>";
		};
		65FA2AEB1A7F950E00E87793 /* Models */ = {
			isa = PBXGroup;
			children = (
				65FA2B0B1A80D70A00E87793 /* AGTCoreDataStack.h */,
				65FA2B0C1A80D70A00E87793 /* AGTCoreDataStack.m */,
				65FA2B011A7FABFB00E87793 /* Machine */,
				65FA2AF51A7FAB2D00E87793 /* DLMKNote.h */,
				65FA2AF61A7FAB2D00E87793 /* DLMKNote.m */,
				65FA2AF71A7FAB2D00E87793 /* DLMKNotebook.h */,
				65FA2AF81A7FAB2D00E87793 /* DLMKNotebook.m */,
				65FA2AF91A7FAB2D00E87793 /* DLMKPhotoContainer.h */,
				65FA2AFA1A7FAB2D00E87793 /* DLMKPhotoContainer.m */,
				65FA2AEC1A7F958000E87793 /* Model.xcdatamodeld */,
			);
			name = Models;
			path = ..;
			sourceTree = "<group>";
		};
		65FA2B011A7FABFB00E87793 /* Machine */ = {
			isa = PBXGroup;
			children = (
				65FA2B081A80CF4100E87793 /* DLMKEverPoorBaseManagedObject.h */,
				65FA2B091A80CF4100E87793 /* DLMKEverPoorBaseManagedObject.m */,
				65FA2AEF1A7FAB2D00E87793 /* _DLMKNote.h */,
				65FA2AF01A7FAB2D00E87793 /* _DLMKNote.m */,
				65FA2AF11A7FAB2D00E87793 /* _DLMKNotebook.h */,
				65FA2AF21A7FAB2D00E87793 /* _DLMKNotebook.m */,
				65FA2AF31A7FAB2D00E87793 /* _DLMKPhotoContainer.h */,
				65FA2AF41A7FAB2D00E87793 /* _DLMKPhotoContainer.m */,
			);
			name = Machine;
			sourceTree = "<group>";
		};
/* End PBXGroup section */

/* Begin PBXNativeTarget section */
		65FA2AC71A7F917900E87793 /* EverPoor */ = {
			isa = PBXNativeTarget;
			buildConfigurationList = 65FA2AE51A7F917900E87793 /* Build configuration list for PBXNativeTarget "EverPoor" */;
			buildPhases = (
				65FA2AC41A7F917900E87793 /* Sources */,
				65FA2AC51A7F917900E87793 /* Frameworks */,
				65FA2AC61A7F917900E87793 /* Resources */,
			);
			buildRules = (
			);
			dependencies = (
			);
			name = EverPoor;
			productName = EverPoor;
			productReference = 65FA2AC81A7F917900E87793 /* EverPoor.app */;
			productType = "com.apple.product-type.application";
		};
		65FA2ADA1A7F917900E87793 /* EverPoorTests */ = {
			isa = PBXNativeTarget;
			buildConfigurationList = 65FA2AE81A7F917900E87793 /* Build configuration list for PBXNativeTarget "EverPoorTests" */;
			buildPhases = (
				65FA2AD71A7F917900E87793 /* Sources */,
				65FA2AD81A7F917900E87793 /* Frameworks */,
				65FA2AD91A7F917900E87793 /* Resources */,
			);
			buildRules = (
			);
			dependencies = (
				65FA2ADD1A7F917900E87793 /* PBXTargetDependency */,
			);
			name = EverPoorTests;
			productName = EverPoorTests;
			productReference = 65FA2ADB1A7F917900E87793 /* EverPoorTests.xctest */;
			productType = "com.apple.product-type.bundle.unit-test";
		};
/* End PBXNativeTarget section */

/* Begin PBXProject section */
		65FA2AC01A7F917900E87793 /* Project object */ = {
			isa = PBXProject;
			attributes = {
				LastUpgradeCheck = 0610;
				ORGANIZATIONNAME = Dolmake;
				TargetAttributes = {
					65FA2AC71A7F917900E87793 = {
						CreatedOnToolsVersion = 6.1.1;
					};
					65FA2ADA1A7F917900E87793 = {
						CreatedOnToolsVersion = 6.1.1;
						TestTargetID = 65FA2AC71A7F917900E87793;
					};
				};
			};
			buildConfigurationList = 65FA2AC31A7F917900E87793 /* Build configuration list for PBXProject "EverPoor" */;
			compatibilityVersion = "Xcode 3.2";
			developmentRegion = English;
			hasScannedForEncodings = 0;
			knownRegions = (
				en,
				Base,
			);
			mainGroup = 65FA2ABF1A7F917900E87793;
			productRefGroup = 65FA2AC91A7F917900E87793 /* Products */;
			projectDirPath = "";
			projectRoot = "";
			targets = (
				65FA2AC71A7F917900E87793 /* EverPoor */,
				65FA2ADA1A7F917900E87793 /* EverPoorTests */,
			);
		};
/* End PBXProject section */

/* Begin PBXResourcesBuildPhase section */
		65FA2AC61A7F917900E87793 /* Resources */ = {
			isa = PBXResourcesBuildPhase;
			buildActionMask = 2147483647;
			files = (
				65CC9F8A1A82B29C00D85889 /* DLMKNoteTableViewCellController.xib in Resources */,
				65FA2AD61A7F917900E87793 /* LaunchScreen.xib in Resources */,
				65FA2AD31A7F917900E87793 /* Images.xcassets in Resources */,
			);
			runOnlyForDeploymentPostprocessing = 0;
		};
		65FA2AD91A7F917900E87793 /* Resources */ = {
			isa = PBXResourcesBuildPhase;
			buildActionMask = 2147483647;
			files = (
			);
			runOnlyForDeploymentPostprocessing = 0;
		};
/* End PBXResourcesBuildPhase section */

/* Begin PBXSourcesBuildPhase section */
		65FA2AC41A7F917900E87793 /* Sources */ = {
			isa = PBXSourcesBuildPhase;
			buildActionMask = 2147483647;
			files = (
				65FA2B0D1A80D70A00E87793 /* AGTCoreDataStack.m in Sources */,
				65FA2AFE1A7FAB2D00E87793 /* DLMKNote.m in Sources */,
				65CC9F781A82201800D85889 /* AGTCoreDataTableViewController.m in Sources */,
				65CC9F891A82B29C00D85889 /* DLMKNoteTableViewCellController.m in Sources */,
				65FA2AD11A7F917900E87793 /* AppDelegate.m in Sources */,
				65CC9F821A823E1F00D85889 /* UIViewController+Navigation.m in Sources */,
				65FA2AFF1A7FAB2D00E87793 /* DLMKNotebook.m in Sources */,
				65CC9F7D1A82208E00D85889 /* DLMKNotebooksViewController.m in Sources */,
				65FA2ACE1A7F917900E87793 /* main.m in Sources */,
				65FA2B001A7FAB2D00E87793 /* DLMKPhotoContainer.m in Sources */,
				65FA2AEE1A7F958000E87793 /* Model.xcdatamodeld in Sources */,
				65FA2AFC1A7FAB2D00E87793 /* _DLMKNotebook.m in Sources */,
				65FA2AFD1A7FAB2D00E87793 /* _DLMKPhotoContainer.m in Sources */,
				65CC9F851A82437F00D85889 /* DLMKNotesViewController.m in Sources */,
				65FA2AFB1A7FAB2D00E87793 /* _DLMKNote.m in Sources */,
				65FA2B0A1A80CF4100E87793 /* DLMKEverPoorBaseManagedObject.m in Sources */,
			);
			runOnlyForDeploymentPostprocessing = 0;
		};
		65FA2AD71A7F917900E87793 /* Sources */ = {
			isa = PBXSourcesBuildPhase;
			buildActionMask = 2147483647;
			files = (
				65FA2AE21A7F917900E87793 /* EverPoorTests.m in Sources */,
			);
			runOnlyForDeploymentPostprocessing = 0;
		};
/* End PBXSourcesBuildPhase section */

/* Begin PBXTargetDependency section */
		65FA2ADD1A7F917900E87793 /* PBXTargetDependency */ = {
			isa = PBXTargetDependency;
			target = 65FA2AC71A7F917900E87793 /* EverPoor */;
			targetProxy = 65FA2ADC1A7F917900E87793 /* PBXContainerItemProxy */;
		};
/* End PBXTargetDependency section */

/* Begin PBXVariantGroup section */
		65FA2AD41A7F917900E87793 /* LaunchScreen.xib */ = {
			isa = PBXVariantGroup;
			children = (
				65FA2AD51A7F917900E87793 /* Base */,
			);
			name = LaunchScreen.xib;
			sourceTree = "<group>";
		};
/* End PBXVariantGroup section */

/* Begin XCBuildConfiguration section */
		65FA2AE31A7F917900E87793 /* Debug */ = {
			isa = XCBuildConfiguration;
			buildSettings = {
				ALWAYS_SEARCH_USER_PATHS = NO;
				CLANG_CXX_LANGUAGE_STANDARD = "gnu++0x";
				CLANG_CXX_LIBRARY = "libc++";
				CLANG_ENABLE_MODULES = YES;
				CLANG_ENABLE_OBJC_ARC = YES;
				CLANG_WARN_BOOL_CONVERSION = YES;
				CLANG_WARN_CONSTANT_CONVERSION = YES;
				CLANG_WARN_DIRECT_OBJC_ISA_USAGE = YES_ERROR;
				CLANG_WARN_EMPTY_BODY = YES;
				CLANG_WARN_ENUM_CONVERSION = YES;
				CLANG_WARN_INT_CONVERSION = YES;
				CLANG_WARN_OBJC_ROOT_CLASS = YES_ERROR;
				CLANG_WARN_UNREACHABLE_CODE = YES;
				CLANG_WARN__DUPLICATE_METHOD_MATCH = YES;
				"CODE_SIGN_IDENTITY[sdk=iphoneos*]" = "iPhone Developer";
				COPY_PHASE_STRIP = NO;
				ENABLE_STRICT_OBJC_MSGSEND = YES;
				GCC_C_LANGUAGE_STANDARD = gnu99;
				GCC_DYNAMIC_NO_PIC = NO;
				GCC_OPTIMIZATION_LEVEL = 0;
				GCC_PREPROCESSOR_DEFINITIONS = (
					"DEBUG=1",
					"$(inherited)",
				);
				GCC_SYMBOLS_PRIVATE_EXTERN = NO;
				GCC_WARN_64_TO_32_BIT_CONVERSION = YES;
				GCC_WARN_ABOUT_RETURN_TYPE = YES_ERROR;
				GCC_WARN_UNDECLARED_SELECTOR = YES;
				GCC_WARN_UNINITIALIZED_AUTOS = YES_AGGRESSIVE;
				GCC_WARN_UNUSED_FUNCTION = YES;
				GCC_WARN_UNUSED_VARIABLE = YES;
				IPHONEOS_DEPLOYMENT_TARGET = 8.1;
				MTL_ENABLE_DEBUG_INFO = YES;
				ONLY_ACTIVE_ARCH = YES;
				SDKROOT = iphoneos;
			};
			name = Debug;
		};
		65FA2AE41A7F917900E87793 /* Release */ = {
			isa = XCBuildConfiguration;
			buildSettings = {
				ALWAYS_SEARCH_USER_PATHS = NO;
				CLANG_CXX_LANGUAGE_STANDARD = "gnu++0x";
				CLANG_CXX_LIBRARY = "libc++";
				CLANG_ENABLE_MODULES = YES;
				CLANG_ENABLE_OBJC_ARC = YES;
				CLANG_WARN_BOOL_CONVERSION = YES;
				CLANG_WARN_CONSTANT_CONVERSION = YES;
				CLANG_WARN_DIRECT_OBJC_ISA_USAGE = YES_ERROR;
				CLANG_WARN_EMPTY_BODY = YES;
				CLANG_WARN_ENUM_CONVERSION = YES;
				CLANG_WARN_INT_CONVERSION = YES;
				CLANG_WARN_OBJC_ROOT_CLASS = YES_ERROR;
				CLANG_WARN_UNREACHABLE_CODE = YES;
				CLANG_WARN__DUPLICATE_METHOD_MATCH = YES;
				"CODE_SIGN_IDENTITY[sdk=iphoneos*]" = "iPhone Developer";
				COPY_PHASE_STRIP = YES;
				ENABLE_NS_ASSERTIONS = NO;
				ENABLE_STRICT_OBJC_MSGSEND = YES;
				GCC_C_LANGUAGE_STANDARD = gnu99;
				GCC_WARN_64_TO_32_BIT_CONVERSION = YES;
				GCC_WARN_ABOUT_RETURN_TYPE = YES_ERROR;
				GCC_WARN_UNDECLARED_SELECTOR = YES;
				GCC_WARN_UNINITIALIZED_AUTOS = YES_AGGRESSIVE;
				GCC_WARN_UNUSED_FUNCTION = YES;
				GCC_WARN_UNUSED_VARIABLE = YES;
				IPHONEOS_DEPLOYMENT_TARGET = 8.1;
				MTL_ENABLE_DEBUG_INFO = NO;
				SDKROOT = iphoneos;
				VALIDATE_PRODUCT = YES;
			};
			name = Release;
		};
		65FA2AE61A7F917900E87793 /* Debug */ = {
			isa = XCBuildConfiguration;
			buildSettings = {
				ASSETCATALOG_COMPILER_APPICON_NAME = AppIcon;
				INFOPLIST_FILE = EverPoor/Info.plist;
				LD_RUNPATH_SEARCH_PATHS = "$(inherited) @executable_path/Frameworks";
				PRODUCT_NAME = "$(TARGET_NAME)";
			};
			name = Debug;
		};
		65FA2AE71A7F917900E87793 /* Release */ = {
			isa = XCBuildConfiguration;
			buildSettings = {
				ASSETCATALOG_COMPILER_APPICON_NAME = AppIcon;
				INFOPLIST_FILE = EverPoor/Info.plist;
				LD_RUNPATH_SEARCH_PATHS = "$(inherited) @executable_path/Frameworks";
				PRODUCT_NAME = "$(TARGET_NAME)";
			};
			name = Release;
		};
		65FA2AE91A7F917900E87793 /* Debug */ = {
			isa = XCBuildConfiguration;
			buildSettings = {
				BUNDLE_LOADER = "$(TEST_HOST)";
				FRAMEWORK_SEARCH_PATHS = (
					"$(SDKROOT)/Developer/Library/Frameworks",
					"$(inherited)",
				);
				GCC_PREPROCESSOR_DEFINITIONS = (
					"DEBUG=1",
					"$(inherited)",
				);
				INFOPLIST_FILE = EverPoorTests/Info.plist;
				LD_RUNPATH_SEARCH_PATHS = "$(inherited) @executable_path/Frameworks @loader_path/Frameworks";
				PRODUCT_NAME = "$(TARGET_NAME)";
				TEST_HOST = "$(BUILT_PRODUCTS_DIR)/EverPoor.app/EverPoor";
			};
			name = Debug;
		};
		65FA2AEA1A7F917900E87793 /* Release */ = {
			isa = XCBuildConfiguration;
			buildSettings = {
				BUNDLE_LOADER = "$(TEST_HOST)";
				FRAMEWORK_SEARCH_PATHS = (
					"$(SDKROOT)/Developer/Library/Frameworks",
					"$(inherited)",
				);
				INFOPLIST_FILE = EverPoorTests/Info.plist;
				LD_RUNPATH_SEARCH_PATHS = "$(inherited) @executable_path/Frameworks @loader_path/Frameworks";
				PRODUCT_NAME = "$(TARGET_NAME)";
				TEST_HOST = "$(BUILT_PRODUCTS_DIR)/EverPoor.app/EverPoor";
			};
			name = Release;
		};
/* End XCBuildConfiguration section */

/* Begin XCConfigurationList section */
		65FA2AC31A7F917900E87793 /* Build configuration list for PBXProject "EverPoor" */ = {
			isa = XCConfigurationList;
			buildConfigurations = (
				65FA2AE31A7F917900E87793 /* Debug */,
				65FA2AE41A7F917900E87793 /* Release */,
			);
			defaultConfigurationIsVisible = 0;
			defaultConfigurationName = Release;
		};
		65FA2AE51A7F917900E87793 /* Build configuration list for PBXNativeTarget "EverPoor" */ = {
			isa = XCConfigurationList;
			buildConfigurations = (
				65FA2AE61A7F917900E87793 /* Debug */,
				65FA2AE71A7F917900E87793 /* Release */,
			);
			defaultConfigurationIsVisible = 0;
			defaultConfigurationName = Release;
		};
		65FA2AE81A7F917900E87793 /* Build configuration list for PBXNativeTarget "EverPoorTests" */ = {
			isa = XCConfigurationList;
			buildConfigurations = (
				65FA2AE91A7F917900E87793 /* Debug */,
				65FA2AEA1A7F917900E87793 /* Release */,
			);
			defaultConfigurationIsVisible = 0;
			defaultConfigurationName = Release;
		};
/* End XCConfigurationList section */

/* Begin XCVersionGroup section */
		65FA2AEC1A7F958000E87793 /* Model.xcdatamodeld */ = {
			isa = XCVersionGroup;
			children = (
				65FA2AED1A7F958000E87793 /* Model.xcdatamodel */,
			);
			currentVersion = 65FA2AED1A7F958000E87793 /* Model.xcdatamodel */;
			path = Model.xcdatamodeld;
			sourceTree = "<group>";
			versionGroupType = wrapper.xcdatamodel;
		};
/* End XCVersionGroup section */
	};
	rootObject = 65FA2AC01A7F917900E87793 /* Project object */;
}
